lockfileVersion: "6.0"

settings:
  autoInstallPeers: true
  excludeLinksFromLockfile: false

devDependencies:
  "@shopify/prettier-plugin-liquid":
    specifier: 1.4.0
    version: 1.4.0(prettier@3.1.1)
  prettier:
    specifier: 3.1.1
    version: 3.1.1

packages:
  /@shopify/liquid-html-parser@2.0.3:
    resolution: { integrity: sha512-aIkZ5TJWG7/ztd1sZm5XNpBNTG3B+Q0gv3WN/QahmNQzm2wmKYSHiRLOA8JALAnOGTmH0uqOJ7jzdqoATcZSxw== }
    dependencies:
      line-column: 1.0.2
      ohm-js: 16.6.0
    dev: true

  /@shopify/prettier-plugin-liquid@1.4.0(prettier@3.1.1):
    resolution: { integrity: sha512-Fd0QiPi0bpSapUG0plri1+bLew9j//Q0MFKkBjkIG4RTJC76dycVysf5Dy7JvbvIjSJ4YFxaT0PBW5v9O7JItQ== }
    peerDependencies:
      prettier: ^2.0.0 || ^3.0.0
    dependencies:
      "@shopify/liquid-html-parser": 2.0.3
      html-styles: 1.0.0
      prettier: 3.1.1
    dev: true

  /html-styles@1.0.0:
    resolution: { integrity: sha512-cDl5dcj73oI4Hy0DSUNh54CAwslNLJRCCoO+RNkVo+sBrjA/0+7E/xzvj3zH/GxbbBLGJhE0hBe1eg+0FINC6w== }
    dev: true

  /isarray@1.0.0:
    resolution: { integrity: sha512-VLghIWNM6ELQzo7zwmcg0NmTVyWKYjvIeM83yjp0wRDTmUnrM678fQbcKBo6n2CJEF0szoG//ytg+TKla89ALQ== }
    dev: true

  /isobject@2.1.0:
    resolution: { integrity: sha512-+OUdGJlgjOBZDfxnDjYYG6zp487z0JGNQq3cYQYg5f5hKR+syHMsaztzGeml/4kGG55CSpKSpWTY+jYGgsHLgA== }
    engines: { node: ">=0.10.0" }
    dependencies:
      isarray: 1.0.0
    dev: true

  /line-column@1.0.2:
    resolution: { integrity: sha512-Ktrjk5noGYlHsVnYWh62FLVs4hTb8A3e+vucNZMgPeAOITdshMSgv4cCZQeRDjm7+goqmo6+liZwTXo+U3sVww== }
    dependencies:
      isarray: 1.0.0
      isobject: 2.1.0
    dev: true

  /ohm-js@16.6.0:
    resolution: { integrity: sha512-X9P4koSGa7swgVQ0gt71UCYtkAQGOjciJPJAz74kDxWt8nXbH5HrDOQG6qBDH7SR40ktNv4x61BwpTDE9q4lRA== }
    engines: { node: ">=0.12.1" }
    dev: true

  /prettier@3.1.1:
    resolution: { integrity: sha512-22UbSzg8luF4UuZtzgiUOfcGM8s4tjBv6dJRT7j275NXsy2jb4aJa4NNveul5x4eqlF1wuhuR2RElK71RvmVaw== }
    engines: { node: ">=14" }
    hasBin: true
    dev: true
